Microsoft Visual Studio Solution File, Format Version 11.00
# Visual Studio 2008

Project("{9D84226D-507B-CDF2-1785-ABC33BB0A635}") = "WMTutorial", "Assembly-CSharp-firstpass.csproj", "{DB84F64E-4C37-AEEE-DF75-5B1B87C21430}"
EndProject
Project("{9D84226D-507B-CDF2-1785-ABC33BB0A635}") = "WMTutorial", "Assembly-CSharp.csproj", "{212BC725-C5AD-432E-DCE8-FD3B3839B564}"
EndProject
Project("{9D84226D-507B-CDF2-1785-ABC33BB0A635}") = "WMTutorial", "Assembly-UnityScript-firstpass.unityproj", "{1627AACF-429E-5357-106D-C84C1E37906E}"
EndProject
Project("{9D84226D-507B-CDF2-1785-ABC33BB0A635}") = "WMTutorial", "Assembly-UnityScript-Editor.unityproj", "{722CC42F-2121-E71E-51E3-0D10595227C3}"
EndProject
Global
	GlobalSection(SolutionConfigurationPlatforms) = preSolution
		Debug|Any CPU = Debug|Any CPU
		Release|Any CPU = Release|Any CPU
	EndGlobalSection
	GlobalSection(ProjectConfigurationPlatforms) = postSolution
		{DB84F64E-4C37-AEEE-DF75-5B1B87C21430}.Debug|Any CPU.ActiveCfg = Debug|Any CPU
		{DB84F64E-4C37-AEEE-DF75-5B1B87C21430}.Debug|Any CPU.Build.0 = Debug|Any CPU
		{DB84F64E-4C37-AEEE-DF75-5B1B87C21430}.Release|Any CPU.ActiveCfg = Release|Any CPU
		{DB84F64E-4C37-AEEE-DF75-5B1B87C21430}.Release|Any CPU.Build.0 = Release|Any CPU
		{212BC725-C5AD-432E-DCE8-FD3B3839B564}.Debug|Any CPU.ActiveCfg = Debug|Any CPU
		{212BC725-C5AD-432E-DCE8-FD3B3839B564}.Debug|Any CPU.Build.0 = Debug|Any CPU
		{212BC725-C5AD-432E-DCE8-FD3B3839B564}.Release|Any CPU.ActiveCfg = Release|Any CPU
		{212BC725-C5AD-432E-DCE8-FD3B3839B564}.Release|Any CPU.Build.0 = Release|Any CPU
		{1627AACF-429E-5357-106D-C84C1E37906E}.Debug|Any CPU.ActiveCfg = Debug|Any CPU
		{1627AACF-429E-5357-106D-C84C1E37906E}.Debug|Any CPU.Build.0 = Debug|Any CPU
		{1627AACF-429E-5357-106D-C84C1E37906E}.Release|Any CPU.ActiveCfg = Release|Any CPU
		{1627AACF-429E-5357-106D-C84C1E37906E}.Release|Any CPU.Build.0 = Release|Any CPU
		{722CC42F-2121-E71E-51E3-0D10595227C3}.Debug|Any CPU.ActiveCfg = Debug|Any CPU
		{722CC42F-2121-E71E-51E3-0D10595227C3}.Debug|Any CPU.Build.0 = Debug|Any CPU
		{722CC42F-2121-E71E-51E3-0D10595227C3}.Release|Any CPU.ActiveCfg = Release|Any CPU
		{722CC42F-2121-E71E-51E3-0D10595227C3}.Release|Any CPU.Build.0 = Release|Any CPU
	EndGlobalSection
	GlobalSection(SolutionProperties) = preSolution
		HideSolutionNode = FALSE
	EndGlobalSection
																																																																					GlobalSection(MonoDevelopProperties) = preSolution
		StartupItem = Assembly-CSharp.csproj
		Policies = $0
		$0.TextStylePolicy = $1
		$1.inheritsSet = null
		$1.scope = text/x-csharp
		$0.CSharpFormattingPolicy = $2
		$2.inheritsSet = Mono
		$2.inheritsScope = text/x-csharp
		$2.scope = text/x-csharp
		$0.TextStylePolicy = $3
		$3.FileWidth = 120
		$3.TabWidth = 4
		$3.EolMarker = Unix
		$3.inheritsSet = Mono
		$3.inheritsScope = text/plain
		$3.scope = text/plain
	EndGlobalSection

EndGlobal
